<?xml version="1.0" encoding="utf-8"?>
<Project ToolsVersion="4.0" xmlns="http://schemas.microsoft.com/developer/msbuild/2003">
  <ItemGroup>
    <Filter Include="소스 파일">
      <UniqueIdentifier>{4FC737F1-C7A5-4376-A066-2A32D752A2FF}</UniqueIdentifier>
      <Extensions>cpp;c;cc;cxx;c++;cppm;ixx;def;odl;idl;hpj;bat;asm;asmx</Extensions>
    </Filter>
    <Filter Include="헤더 파일">
      <UniqueIdentifier>{93995380-89BD-4b04-88EB-625FBE52EBFB}</UniqueIdentifier>
      <Extensions>h;hh;hpp;hxx;h++;hm;inl;inc;ipp;xsd</Extensions>
    </Filter>
    <Filter Include="리소스 파일">
      <UniqueIdentifier>{67DA6AB6-F800-4c08-8B7A-83BB121AAD01}</UniqueIdentifier>
      <Extensions>rc;ico;cur;bmp;dlg;rc2;rct;bin;rgs;gif;jpg;jpeg;jpe;resx;tiff;tif;png;wav;mfcribbon-ms</Extensions>
    </Filter>
    <Filter Include="소스 파일\07_DFS">
      <UniqueIdentifier>{2ea23673-01d7-4124-82ed-1842abac9708}</UniqueIdentifier>
    </Filter>
    <Filter Include="소스 파일\06_BFS">
      <UniqueIdentifier>{c459436d-e86a-4906-8141-d73dc1677def}</UniqueIdentifier>
    </Filter>
    <Filter Include="소스 파일\02_Two_Pointer">
      <UniqueIdentifier>{607cd262-c3f4-4798-b129-3eb5b2e7ae4a}</UniqueIdentifier>
    </Filter>
    <Filter Include="소스 파일\01_basic">
      <UniqueIdentifier>{731f4183-77b4-4552-9ac4-058d2c18d361}</UniqueIdentifier>
    </Filter>
    <Filter Include="소스 파일\03_Binary_Search">
      <UniqueIdentifier>{f445414a-ad64-4b6e-83ef-841db0f48717}</UniqueIdentifier>
    </Filter>
    <Filter Include="소스 파일\04_Stack">
      <UniqueIdentifier>{186005ea-7893-4140-99f4-5b38dade17d3}</UniqueIdentifier>
    </Filter>
    <Filter Include="소스 파일\05_Queue_Deque">
      <UniqueIdentifier>{c47499f2-6382-400c-895c-0fd7355e2bef}</UniqueIdentifier>
    </Filter>
  </ItemGroup>
  <ItemGroup>
    <ClCompile Include="DFS\island_count_recursive_dfs.cpp">
      <Filter>소스 파일\07_DFS</Filter>
    </ClCompile>
    <ClCompile Include="DFS\connected_components_iterative_dfs.cpp">
      <Filter>소스 파일\07_DFS</Filter>
    </ClCompile>
    <ClCompile Include="DFS\connected_components_recursive_dfs.cpp">
      <Filter>소스 파일\07_DFS</Filter>
    </ClCompile>
    <ClCompile Include="DFS\DFS_4.cpp">
      <Filter>소스 파일\07_DFS</Filter>
    </ClCompile>
    <ClCompile Include="tomato_day_simulation.cpp">
      <Filter>소스 파일\06_BFS</Filter>
    </ClCompile>
    <ClCompile Include="BOJ_7576_tomato_multi_source_bfs.cpp">
      <Filter>소스 파일\06_BFS</Filter>
    </ClCompile>
    <ClCompile Include="island_count_bfs.cpp">
      <Filter>소스 파일\06_BFS</Filter>
    </ClCompile>
    <ClCompile Include="picture_area_bfs.cpp">
      <Filter>소스 파일\06_BFS</Filter>
    </ClCompile>
    <ClCompile Include="BOJ_2178_maze_search.cpp">
      <Filter>소스 파일\06_BFS</Filter>
    </ClCompile>
    <ClCompile Include="BOJ_2018_consecutive_sum.cpp">
      <Filter>소스 파일\02_Two_Pointer</Filter>
    </ClCompile>
    <ClCompile Include="BOJ_2470_two_solutions.cpp">
      <Filter>소스 파일\02_Two_Pointer</Filter>
    </ClCompile>
    <ClCompile Include="BOJ_3151_three_sum.cpp">
      <Filter>소스 파일\02_Two_Pointer</Filter>
    </ClCompile>
    <ClCompile Include="BOJ_3151_three_sum_naive.cpp">
      <Filter>소스 파일\02_Two_Pointer</Filter>
    </ClCompile>
    <ClCompile Include="BOJ_3273_two_sum.cpp">
      <Filter>소스 파일\02_Two_Pointer</Filter>
    </ClCompile>
    <ClCompile Include="max_and_index.cpp">
      <Filter>소스 파일\01_basic</Filter>
    </ClCompile>
    <ClCompile Include="sort_unique.cpp">
      <Filter>소스 파일\01_basic</Filter>
    </ClCompile>
    <ClCompile Include="BOJ_2164_card2.cpp">
      <Filter>소스 파일\05_Queue_Deque</Filter>
    </ClCompile>
    <ClCompile Include="BOJ_10866_deque.cpp">
      <Filter>소스 파일\05_Queue_Deque</Filter>
    </ClCompile>
    <ClCompile Include="BOJ_1920_number_search.cpp">
      <Filter>소스 파일\03_Binary_Search</Filter>
    </ClCompile>
    <ClCompile Include="BOJ_10816_number_card_2.cpp">
      <Filter>소스 파일\03_Binary_Search</Filter>
    </ClCompile>
    <ClCompile Include="BOJ_2805_cutting_trees.cpp">
      <Filter>소스 파일\03_Binary_Search</Filter>
    </ClCompile>
    <ClCompile Include="BOJ_2467_solutions_lower_bound.cpp">
      <Filter>소스 파일\03_Binary_Search</Filter>
    </ClCompile>
    <ClCompile Include="BOJ_9012_parentheses.cpp">
      <Filter>소스 파일\04_Stack</Filter>
    </ClCompile>
    <ClCompile Include="BOJ_4949_balanced_world.cpp">
      <Filter>소스 파일\04_Stack</Filter>
    </ClCompile>
    <ClCompile Include="BOJ_10773_zero.cpp">
      <Filter>소스 파일\04_Stack</Filter>
    </ClCompile>
    <ClCompile Include="BOJ_17298_next_greater_element.cpp">
      <Filter>소스 파일\04_Stack</Filter>
    </ClCompile>
  </ItemGroup>
</Project>